
Microsoft Visual Studio Solution File, Format Version 12.00
# Visual Studio 15
VisualStudioVersion = 15.0.26228.4
MinimumVisualStudioVersion = 10.0.40219.1
Project("{FAE04EC0-301F-11D3-BF4B-00C04F79EFBC}") = "21 - WCF Assignment - 1", "21 - WCF Assignment - 1\21 - WCF Assignment - 1.csproj", "{40C48D8F-818A-41D2-9834-9CBBBCF12ADB}"
EndProject
Project("{FAE04EC0-301F-11D3-BF4B-00C04F79EFBC}") = "ServiceConsumer", "21 - WCF Assignment - 1\Service Consumer\ServiceConsumer\ServiceConsumer.csproj", "{92FFDBF1-1942-4A9D-8557-5DCF0349A604}"
	ProjectSection(ProjectDependencies) = postProject
		{40C48D8F-818A-41D2-9834-9CBBBCF12ADB} = {40C48D8F-818A-41D2-9834-9CBBBCF12ADB}
	EndProjectSection
EndProject
Global
	GlobalSection(SolutionConfigurationPlatforms) = preSolution
		Debug|Any CPU = Debug|Any CPU
		Release|Any CPU = Release|Any CPU
	EndGlobalSection
	GlobalSection(ProjectConfigurationPlatforms) = postSolution
		{40C48D8F-818A-41D2-9834-9CBBBCF12ADB}.Debug|Any CPU.ActiveCfg = Debug|Any CPU
		{40C48D8F-818A-41D2-9834-9CBBBCF12ADB}.Debug|Any CPU.Build.0 = Debug|Any CPU
		{40C48D8F-818A-41D2-9834-9CBBBCF12ADB}.Release|Any CPU.ActiveCfg = Release|Any CPU
		{40C48D8F-818A-41D2-9834-9CBBBCF12ADB}.Release|Any CPU.Build.0 = Release|Any CPU
		{92FFDBF1-1942-4A9D-8557-5DCF0349A604}.Debug|Any CPU.ActiveCfg = Debug|Any CPU
		{92FFDBF1-1942-4A9D-8557-5DCF0349A604}.Debug|Any CPU.Build.0 = Debug|Any CPU
		{92FFDBF1-1942-4A9D-8557-5DCF0349A604}.Release|Any CPU.ActiveCfg = Release|Any CPU
		{92FFDBF1-1942-4A9D-8557-5DCF0349A604}.Release|Any CPU.Build.0 = Release|Any CPU
	EndGlobalSection
	GlobalSection(SolutionProperties) = preSolution
		HideSolutionNode = FALSE
	EndGlobalSection
EndGlobal
